
Microsoft Visual Studio Solution File, Format Version 12.00
# Visual Studio Version 17
VisualStudioVersion = 17.7.34018.315
MinimumVisualStudioVersion = 10.0.40219.1
Project("{FAE04EC0-301F-11D3-BF4B-00C04F79EFBC}") = "UAA14_I4_ClaudeMael", "UAA14_I4_ClaudeMael.csproj", "{1D6AA3FF-A856-4977-8A65-602132E827CE}"
EndProject
Global
	GlobalSection(SolutionConfigurationPlatforms) = preSolution
		Debug|Any CPU = Debug|Any CPU
		Release|Any CPU = Release|Any CPU
	EndGlobalSection
	GlobalSection(ProjectConfigurationPlatforms) = postSolution
		{1D6AA3FF-A856-4977-8A65-602132E827CE}.Debug|Any CPU.ActiveCfg = Debug|Any CPU
		{1D6AA3FF-A856-4977-8A65-602132E827CE}.Debug|Any CPU.Build.0 = Debug|Any CPU
		{1D6AA3FF-A856-4977-8A65-602132E827CE}.Release|Any CPU.ActiveCfg = Release|Any CPU
		{1D6AA3FF-A856-4977-8A65-602132E827CE}.Release|Any CPU.Build.0 = Release|Any CPU
	EndGlobalSection
	GlobalSection(SolutionProperties) = preSolution
		HideSolutionNode = FALSE
	EndGlobalSection
	GlobalSection(ExtensibilityGlobals) = postSolution
		SolutionGuid = {B62274E0-2F6B-448C-AD2B-51861BCC821D}
	EndGlobalSection
EndGlobal
