
Microsoft Visual Studio Solution File, Format Version 12.00
# Visual Studio Version 17
VisualStudioVersion = 17.7.34018.315
MinimumVisualStudioVersion = 10.0.40219.1
Project("{FAE04EC0-301F-11D3-BF4B-00C04F79EFBC}") = "6TTI_ClaudeMael_Livres_2", "6TTI_ClaudeMael_Livres_2.csproj", "{967E5224-5E62-4533-B9E4-440EB4AEAE29}"
EndProject
Global
	GlobalSection(SolutionConfigurationPlatforms) = preSolution
		Debug|Any CPU = Debug|Any CPU
		Release|Any CPU = Release|Any CPU
	EndGlobalSection
	GlobalSection(ProjectConfigurationPlatforms) = postSolution
		{967E5224-5E62-4533-B9E4-440EB4AEAE29}.Debug|Any CPU.ActiveCfg = Debug|Any CPU
		{967E5224-5E62-4533-B9E4-440EB4AEAE29}.Debug|Any CPU.Build.0 = Debug|Any CPU
		{967E5224-5E62-4533-B9E4-440EB4AEAE29}.Release|Any CPU.ActiveCfg = Release|Any CPU
		{967E5224-5E62-4533-B9E4-440EB4AEAE29}.Release|Any CPU.Build.0 = Release|Any CPU
	EndGlobalSection
	GlobalSection(SolutionProperties) = preSolution
		HideSolutionNode = FALSE
	EndGlobalSection
	GlobalSection(ExtensibilityGlobals) = postSolution
		SolutionGuid = {8C964FB4-DE1E-4549-ADBA-FF129DE96179}
	EndGlobalSection
EndGlobal
