
Microsoft Visual Studio Solution File, Format Version 12.00
# Visual Studio Version 17
VisualStudioVersion = 17.7.34018.315
MinimumVisualStudioVersion = 10.0.40219.1
Project("{FAE04EC0-301F-11D3-BF4B-00C04F79EFBC}") = "6TTI_ClaudeMael_Vehicules", "6TTI_ClaudeMael_Vehicules.csproj", "{360F5D6B-0E16-4A22-A43E-679088851AF0}"
EndProject
Global
	GlobalSection(SolutionConfigurationPlatforms) = preSolution
		Debug|Any CPU = Debug|Any CPU
		Release|Any CPU = Release|Any CPU
	EndGlobalSection
	GlobalSection(ProjectConfigurationPlatforms) = postSolution
		{360F5D6B-0E16-4A22-A43E-679088851AF0}.Debug|Any CPU.ActiveCfg = Debug|Any CPU
		{360F5D6B-0E16-4A22-A43E-679088851AF0}.Debug|Any CPU.Build.0 = Debug|Any CPU
		{360F5D6B-0E16-4A22-A43E-679088851AF0}.Release|Any CPU.ActiveCfg = Release|Any CPU
		{360F5D6B-0E16-4A22-A43E-679088851AF0}.Release|Any CPU.Build.0 = Release|Any CPU
	EndGlobalSection
	GlobalSection(SolutionProperties) = preSolution
		HideSolutionNode = FALSE
	EndGlobalSection
	GlobalSection(ExtensibilityGlobals) = postSolution
		SolutionGuid = {52140950-0216-4417-9C85-8E7E483706AD}
	EndGlobalSection
EndGlobal
